
Microsoft Visual Studio Solution File, Format Version 12.00
# Visual Studio Version 17
VisualStudioVersion = 17.14.36518.9
MinimumVisualStudioVersion = 10.0.40219.1
Project("{FAE04EC0-301F-11D3-BF4B-00C04F79EFBC}") = "HerancaConceitoSintaxe", "HerancaConceitoSintaxe\HerancaConceitoSintaxe.csproj", "{F14B2886-8D62-4F0E-B5EF-AAE55C2186F8}"
EndProject
Project("{FAE04EC0-301F-11D3-BF4B-00C04F79EFBC}") = "HerancaComportamentos", "HerancaComportamentos\HerancaComportamentos.csproj", "{DCEB03C7-1D40-4F13-AF1F-45E9EB677B2F}"
EndProject
Project("{FAE04EC0-301F-11D3-BF4B-00C04F79EFBC}") = "HerancaVirtualOverride", "HerancaVirtualOverride\HerancaVirtualOverride.csproj", "{AF066649-12F6-43DC-A100-ECA39327F42A}"
EndProject
Project("{FAE04EC0-301F-11D3-BF4B-00C04F79EFBC}") = "ModificadorSealed", "ModificadorSealed\ModificadorSealed.csproj", "{6B50B9F7-7B25-4ABC-BF3D-FBBD7640D1A6}"
EndProject
Project("{FAE04EC0-301F-11D3-BF4B-00C04F79EFBC}") = "ExercicioHeranca", "ExercicioHeranca\ExercicioHeranca.csproj", "{B49EC9EB-8026-46ED-9582-CA8CAEE08226}"
EndProject
Global
	GlobalSection(SolutionConfigurationPlatforms) = preSolution
		Debug|Any CPU = Debug|Any CPU
		Release|Any CPU = Release|Any CPU
	EndGlobalSection
	GlobalSection(ProjectConfigurationPlatforms) = postSolution
		{F14B2886-8D62-4F0E-B5EF-AAE55C2186F8}.Debug|Any CPU.ActiveCfg = Debug|Any CPU
		{F14B2886-8D62-4F0E-B5EF-AAE55C2186F8}.Debug|Any CPU.Build.0 = Debug|Any CPU
		{F14B2886-8D62-4F0E-B5EF-AAE55C2186F8}.Release|Any CPU.ActiveCfg = Release|Any CPU
		{F14B2886-8D62-4F0E-B5EF-AAE55C2186F8}.Release|Any CPU.Build.0 = Release|Any CPU
		{DCEB03C7-1D40-4F13-AF1F-45E9EB677B2F}.Debug|Any CPU.ActiveCfg = Debug|Any CPU
		{DCEB03C7-1D40-4F13-AF1F-45E9EB677B2F}.Debug|Any CPU.Build.0 = Debug|Any CPU
		{DCEB03C7-1D40-4F13-AF1F-45E9EB677B2F}.Release|Any CPU.ActiveCfg = Release|Any CPU
		{DCEB03C7-1D40-4F13-AF1F-45E9EB677B2F}.Release|Any CPU.Build.0 = Release|Any CPU
		{AF066649-12F6-43DC-A100-ECA39327F42A}.Debug|Any CPU.ActiveCfg = Debug|Any CPU
		{AF066649-12F6-43DC-A100-ECA39327F42A}.Debug|Any CPU.Build.0 = Debug|Any CPU
		{AF066649-12F6-43DC-A100-ECA39327F42A}.Release|Any CPU.ActiveCfg = Release|Any CPU
		{AF066649-12F6-43DC-A100-ECA39327F42A}.Release|Any CPU.Build.0 = Release|Any CPU
		{6B50B9F7-7B25-4ABC-BF3D-FBBD7640D1A6}.Debug|Any CPU.ActiveCfg = Debug|Any CPU
		{6B50B9F7-7B25-4ABC-BF3D-FBBD7640D1A6}.Debug|Any CPU.Build.0 = Debug|Any CPU
		{6B50B9F7-7B25-4ABC-BF3D-FBBD7640D1A6}.Release|Any CPU.ActiveCfg = Release|Any CPU
		{6B50B9F7-7B25-4ABC-BF3D-FBBD7640D1A6}.Release|Any CPU.Build.0 = Release|Any CPU
		{B49EC9EB-8026-46ED-9582-CA8CAEE08226}.Debug|Any CPU.ActiveCfg = Debug|Any CPU
		{B49EC9EB-8026-46ED-9582-CA8CAEE08226}.Debug|Any CPU.Build.0 = Debug|Any CPU
		{B49EC9EB-8026-46ED-9582-CA8CAEE08226}.Release|Any CPU.ActiveCfg = Release|Any CPU
		{B49EC9EB-8026-46ED-9582-CA8CAEE08226}.Release|Any CPU.Build.0 = Release|Any CPU
	EndGlobalSection
	GlobalSection(SolutionProperties) = preSolution
		HideSolutionNode = FALSE
	EndGlobalSection
	GlobalSection(ExtensibilityGlobals) = postSolution
		SolutionGuid = {C857953F-1BF9-48B4-A737-CB8F0D8140F0}
	EndGlobalSection
EndGlobal
