
Microsoft Visual Studio Solution File, Format Version 12.00
# Visual Studio Version 17
VisualStudioVersion = 17.13.35931.197
MinimumVisualStudioVersion = 10.0.40219.1
Project("{FAE04EC0-301F-11D3-BF4B-00C04F79EFBC}") = "Exercicio01", "Exercicio01\Exercicio01.csproj", "{32DD5058-2F3C-4742-9501-B6B8D5047D16}"
EndProject
Project("{FAE04EC0-301F-11D3-BF4B-00C04F79EFBC}") = "Exercicio02", "Exercicio02\Exercicio02.csproj", "{3FE79253-2251-41FA-92D4-26A25A1951FB}"
EndProject
Project("{FAE04EC0-301F-11D3-BF4B-00C04F79EFBC}") = "Exercicio03", "Exercicio03\Exercicio03.csproj", "{6C194792-1407-4E34-8EB3-8E111635588A}"
EndProject
Project("{FAE04EC0-301F-11D3-BF4B-00C04F79EFBC}") = "Exercicio04", "Exercicio04\Exercicio04.csproj", "{FA4AF525-7F97-4EF4-AFFD-99A57B4CD4CE}"
EndProject
Project("{FAE04EC0-301F-11D3-BF4B-00C04F79EFBC}") = "Exercicio05", "Exercicio05\Exercicio05.csproj", "{14BA5D2C-3FC2-4C86-A9DD-AD797A4F15A2}"
EndProject
Project("{FAE04EC0-301F-11D3-BF4B-00C04F79EFBC}") = "Exercicio06", "Exercicio06\Exercicio06.csproj", "{E05AE28A-D525-4780-891A-66DF45D408A0}"
EndProject
Project("{FAE04EC0-301F-11D3-BF4B-00C04F79EFBC}") = "Exercicio07", "Exercicio07\Exercicio07.csproj", "{1F165972-1A83-400C-9650-28BA56B3C4BB}"
EndProject
Global
	GlobalSection(SolutionConfigurationPlatforms) = preSolution
		Debug|Any CPU = Debug|Any CPU
		Release|Any CPU = Release|Any CPU
	EndGlobalSection
	GlobalSection(ProjectConfigurationPlatforms) = postSolution
		{32DD5058-2F3C-4742-9501-B6B8D5047D16}.Debug|Any CPU.ActiveCfg = Debug|Any CPU
		{32DD5058-2F3C-4742-9501-B6B8D5047D16}.Debug|Any CPU.Build.0 = Debug|Any CPU
		{32DD5058-2F3C-4742-9501-B6B8D5047D16}.Release|Any CPU.ActiveCfg = Release|Any CPU
		{32DD5058-2F3C-4742-9501-B6B8D5047D16}.Release|Any CPU.Build.0 = Release|Any CPU
		{3FE79253-2251-41FA-92D4-26A25A1951FB}.Debug|Any CPU.ActiveCfg = Debug|Any CPU
		{3FE79253-2251-41FA-92D4-26A25A1951FB}.Debug|Any CPU.Build.0 = Debug|Any CPU
		{3FE79253-2251-41FA-92D4-26A25A1951FB}.Release|Any CPU.ActiveCfg = Release|Any CPU
		{3FE79253-2251-41FA-92D4-26A25A1951FB}.Release|Any CPU.Build.0 = Release|Any CPU
		{6C194792-1407-4E34-8EB3-8E111635588A}.Debug|Any CPU.ActiveCfg = Debug|Any CPU
		{6C194792-1407-4E34-8EB3-8E111635588A}.Debug|Any CPU.Build.0 = Debug|Any CPU
		{6C194792-1407-4E34-8EB3-8E111635588A}.Release|Any CPU.ActiveCfg = Release|Any CPU
		{6C194792-1407-4E34-8EB3-8E111635588A}.Release|Any CPU.Build.0 = Release|Any CPU
		{FA4AF525-7F97-4EF4-AFFD-99A57B4CD4CE}.Debug|Any CPU.ActiveCfg = Debug|Any CPU
		{FA4AF525-7F97-4EF4-AFFD-99A57B4CD4CE}.Debug|Any CPU.Build.0 = Debug|Any CPU
		{FA4AF525-7F97-4EF4-AFFD-99A57B4CD4CE}.Release|Any CPU.ActiveCfg = Release|Any CPU
		{FA4AF525-7F97-4EF4-AFFD-99A57B4CD4CE}.Release|Any CPU.Build.0 = Release|Any CPU
		{14BA5D2C-3FC2-4C86-A9DD-AD797A4F15A2}.Debug|Any CPU.ActiveCfg = Debug|Any CPU
		{14BA5D2C-3FC2-4C86-A9DD-AD797A4F15A2}.Debug|Any CPU.Build.0 = Debug|Any CPU
		{14BA5D2C-3FC2-4C86-A9DD-AD797A4F15A2}.Release|Any CPU.ActiveCfg = Release|Any CPU
		{14BA5D2C-3FC2-4C86-A9DD-AD797A4F15A2}.Release|Any CPU.Build.0 = Release|Any CPU
		{E05AE28A-D525-4780-891A-66DF45D408A0}.Debug|Any CPU.ActiveCfg = Debug|Any CPU
		{E05AE28A-D525-4780-891A-66DF45D408A0}.Debug|Any CPU.Build.0 = Debug|Any CPU
		{E05AE28A-D525-4780-891A-66DF45D408A0}.Release|Any CPU.ActiveCfg = Release|Any CPU
		{E05AE28A-D525-4780-891A-66DF45D408A0}.Release|Any CPU.Build.0 = Release|Any CPU
		{1F165972-1A83-400C-9650-28BA56B3C4BB}.Debug|Any CPU.ActiveCfg = Debug|Any CPU
		{1F165972-1A83-400C-9650-28BA56B3C4BB}.Debug|Any CPU.Build.0 = Debug|Any CPU
		{1F165972-1A83-400C-9650-28BA56B3C4BB}.Release|Any CPU.ActiveCfg = Release|Any CPU
		{1F165972-1A83-400C-9650-28BA56B3C4BB}.Release|Any CPU.Build.0 = Release|Any CPU
	EndGlobalSection
	GlobalSection(SolutionProperties) = preSolution
		HideSolutionNode = FALSE
	EndGlobalSection
	GlobalSection(ExtensibilityGlobals) = postSolution
		SolutionGuid = {9B783771-85A1-429C-B846-75494265DE80}
	EndGlobalSection
EndGlobal
