
Microsoft Visual Studio Solution File, Format Version 12.00
# Visual Studio Version 17
VisualStudioVersion = 17.13.35931.197
MinimumVisualStudioVersion = 10.0.40219.1
Project("{FAE04EC0-301F-11D3-BF4B-00C04F79EFBC}") = "Arrays1", "Arrays1\Arrays1.csproj", "{94D2AC0F-7BB5-4013-9D30-8CB763FAC8FE}"
EndProject
Project("{FAE04EC0-301F-11D3-BF4B-00C04F79EFBC}") = "Arrays2", "Arrays2\Arrays2.csproj", "{34F127C7-F4C9-4493-B362-69BA636CB168}"
EndProject
Project("{FAE04EC0-301F-11D3-BF4B-00C04F79EFBC}") = "Arrays3", "Arrays3\Arrays3.csproj", "{14733BA0-9FF4-4557-A1DD-E5DD88E1F725}"
EndProject
Project("{FAE04EC0-301F-11D3-BF4B-00C04F79EFBC}") = "ClasseArray", "ClasseArray\ClasseArray.csproj", "{58C92ACB-2D52-46B2-AD6E-5C5551481061}"
EndProject
Project("{FAE04EC0-301F-11D3-BF4B-00C04F79EFBC}") = "ExercicioArrays", "ExercicioArrays\ExercicioArrays.csproj", "{8D1945C0-24C9-4134-BADA-1AF1732523EB}"
EndProject
Project("{FAE04EC0-301F-11D3-BF4B-00C04F79EFBC}") = "ModificadorParams", "ModificadorParams\ModificadorParams.csproj", "{C725AD6E-E4F8-472E-9728-96B746F91A72}"
EndProject
Project("{FAE04EC0-301F-11D3-BF4B-00C04F79EFBC}") = "ArraysMultidimensoes1", "ArraysMultidimensoes1\ArraysMultidimensoes1.csproj", "{79DCF003-6B48-4D35-823B-EBF651DBA3CF}"
EndProject
Project("{FAE04EC0-301F-11D3-BF4B-00C04F79EFBC}") = "ArraysMultidimensoes2", "ArraysMultidimensoes2\ArraysMultidimensoes2.csproj", "{60D6EFF5-F15A-45C3-932C-67F867536C73}"
EndProject
Project("{FAE04EC0-301F-11D3-BF4B-00C04F79EFBC}") = "ExArraysBidimensoes", "ExArraysBidimensoes\ExArraysBidimensoes.csproj", "{2649D715-99E6-4C22-99D5-3927D89055DA}"
EndProject
Project("{FAE04EC0-301F-11D3-BF4B-00C04F79EFBC}") = "ArrayList1", "ArrayList1\ArrayList1.csproj", "{4488D4E5-25B8-405E-80DD-DD6A9C47BA94}"
EndProject
Global
	GlobalSection(SolutionConfigurationPlatforms) = preSolution
		Debug|Any CPU = Debug|Any CPU
		Debug|x64 = Debug|x64
		Debug|x86 = Debug|x86
		Release|Any CPU = Release|Any CPU
		Release|x64 = Release|x64
		Release|x86 = Release|x86
	EndGlobalSection
	GlobalSection(ProjectConfigurationPlatforms) = postSolution
		{94D2AC0F-7BB5-4013-9D30-8CB763FAC8FE}.Debug|Any CPU.ActiveCfg = Debug|Any CPU
		{94D2AC0F-7BB5-4013-9D30-8CB763FAC8FE}.Debug|Any CPU.Build.0 = Debug|Any CPU
		{94D2AC0F-7BB5-4013-9D30-8CB763FAC8FE}.Debug|x64.ActiveCfg = Debug|Any CPU
		{94D2AC0F-7BB5-4013-9D30-8CB763FAC8FE}.Debug|x64.Build.0 = Debug|Any CPU
		{94D2AC0F-7BB5-4013-9D30-8CB763FAC8FE}.Debug|x86.ActiveCfg = Debug|Any CPU
		{94D2AC0F-7BB5-4013-9D30-8CB763FAC8FE}.Debug|x86.Build.0 = Debug|Any CPU
		{94D2AC0F-7BB5-4013-9D30-8CB763FAC8FE}.Release|Any CPU.ActiveCfg = Release|Any CPU
		{94D2AC0F-7BB5-4013-9D30-8CB763FAC8FE}.Release|Any CPU.Build.0 = Release|Any CPU
		{94D2AC0F-7BB5-4013-9D30-8CB763FAC8FE}.Release|x64.ActiveCfg = Release|Any CPU
		{94D2AC0F-7BB5-4013-9D30-8CB763FAC8FE}.Release|x64.Build.0 = Release|Any CPU
		{94D2AC0F-7BB5-4013-9D30-8CB763FAC8FE}.Release|x86.ActiveCfg = Release|Any CPU
		{94D2AC0F-7BB5-4013-9D30-8CB763FAC8FE}.Release|x86.Build.0 = Release|Any CPU
		{34F127C7-F4C9-4493-B362-69BA636CB168}.Debug|Any CPU.ActiveCfg = Debug|Any CPU
		{34F127C7-F4C9-4493-B362-69BA636CB168}.Debug|Any CPU.Build.0 = Debug|Any CPU
		{34F127C7-F4C9-4493-B362-69BA636CB168}.Debug|x64.ActiveCfg = Debug|Any CPU
		{34F127C7-F4C9-4493-B362-69BA636CB168}.Debug|x64.Build.0 = Debug|Any CPU
		{34F127C7-F4C9-4493-B362-69BA636CB168}.Debug|x86.ActiveCfg = Debug|Any CPU
		{34F127C7-F4C9-4493-B362-69BA636CB168}.Debug|x86.Build.0 = Debug|Any CPU
		{34F127C7-F4C9-4493-B362-69BA636CB168}.Release|Any CPU.ActiveCfg = Release|Any CPU
		{34F127C7-F4C9-4493-B362-69BA636CB168}.Release|Any CPU.Build.0 = Release|Any CPU
		{34F127C7-F4C9-4493-B362-69BA636CB168}.Release|x64.ActiveCfg = Release|Any CPU
		{34F127C7-F4C9-4493-B362-69BA636CB168}.Release|x64.Build.0 = Release|Any CPU
		{34F127C7-F4C9-4493-B362-69BA636CB168}.Release|x86.ActiveCfg = Release|Any CPU
		{34F127C7-F4C9-4493-B362-69BA636CB168}.Release|x86.Build.0 = Release|Any CPU
		{14733BA0-9FF4-4557-A1DD-E5DD88E1F725}.Debug|Any CPU.ActiveCfg = Debug|Any CPU
		{14733BA0-9FF4-4557-A1DD-E5DD88E1F725}.Debug|Any CPU.Build.0 = Debug|Any CPU
		{14733BA0-9FF4-4557-A1DD-E5DD88E1F725}.Debug|x64.ActiveCfg = Debug|Any CPU
		{14733BA0-9FF4-4557-A1DD-E5DD88E1F725}.Debug|x64.Build.0 = Debug|Any CPU
		{14733BA0-9FF4-4557-A1DD-E5DD88E1F725}.Debug|x86.ActiveCfg = Debug|Any CPU
		{14733BA0-9FF4-4557-A1DD-E5DD88E1F725}.Debug|x86.Build.0 = Debug|Any CPU
		{14733BA0-9FF4-4557-A1DD-E5DD88E1F725}.Release|Any CPU.ActiveCfg = Release|Any CPU
		{14733BA0-9FF4-4557-A1DD-E5DD88E1F725}.Release|Any CPU.Build.0 = Release|Any CPU
		{14733BA0-9FF4-4557-A1DD-E5DD88E1F725}.Release|x64.ActiveCfg = Release|Any CPU
		{14733BA0-9FF4-4557-A1DD-E5DD88E1F725}.Release|x64.Build.0 = Release|Any CPU
		{14733BA0-9FF4-4557-A1DD-E5DD88E1F725}.Release|x86.ActiveCfg = Release|Any CPU
		{14733BA0-9FF4-4557-A1DD-E5DD88E1F725}.Release|x86.Build.0 = Release|Any CPU
		{58C92ACB-2D52-46B2-AD6E-5C5551481061}.Debug|Any CPU.ActiveCfg = Debug|Any CPU
		{58C92ACB-2D52-46B2-AD6E-5C5551481061}.Debug|Any CPU.Build.0 = Debug|Any CPU
		{58C92ACB-2D52-46B2-AD6E-5C5551481061}.Debug|x64.ActiveCfg = Debug|Any CPU
		{58C92ACB-2D52-46B2-AD6E-5C5551481061}.Debug|x64.Build.0 = Debug|Any CPU
		{58C92ACB-2D52-46B2-AD6E-5C5551481061}.Debug|x86.ActiveCfg = Debug|Any CPU
		{58C92ACB-2D52-46B2-AD6E-5C5551481061}.Debug|x86.Build.0 = Debug|Any CPU
		{58C92ACB-2D52-46B2-AD6E-5C5551481061}.Release|Any CPU.ActiveCfg = Release|Any CPU
		{58C92ACB-2D52-46B2-AD6E-5C5551481061}.Release|Any CPU.Build.0 = Release|Any CPU
		{58C92ACB-2D52-46B2-AD6E-5C5551481061}.Release|x64.ActiveCfg = Release|Any CPU
		{58C92ACB-2D52-46B2-AD6E-5C5551481061}.Release|x64.Build.0 = Release|Any CPU
		{58C92ACB-2D52-46B2-AD6E-5C5551481061}.Release|x86.ActiveCfg = Release|Any CPU
		{58C92ACB-2D52-46B2-AD6E-5C5551481061}.Release|x86.Build.0 = Release|Any CPU
		{8D1945C0-24C9-4134-BADA-1AF1732523EB}.Debug|Any CPU.ActiveCfg = Debug|Any CPU
		{8D1945C0-24C9-4134-BADA-1AF1732523EB}.Debug|Any CPU.Build.0 = Debug|Any CPU
		{8D1945C0-24C9-4134-BADA-1AF1732523EB}.Debug|x64.ActiveCfg = Debug|Any CPU
		{8D1945C0-24C9-4134-BADA-1AF1732523EB}.Debug|x64.Build.0 = Debug|Any CPU
		{8D1945C0-24C9-4134-BADA-1AF1732523EB}.Debug|x86.ActiveCfg = Debug|Any CPU
		{8D1945C0-24C9-4134-BADA-1AF1732523EB}.Debug|x86.Build.0 = Debug|Any CPU
		{8D1945C0-24C9-4134-BADA-1AF1732523EB}.Release|Any CPU.ActiveCfg = Release|Any CPU
		{8D1945C0-24C9-4134-BADA-1AF1732523EB}.Release|Any CPU.Build.0 = Release|Any CPU
		{8D1945C0-24C9-4134-BADA-1AF1732523EB}.Release|x64.ActiveCfg = Release|Any CPU
		{8D1945C0-24C9-4134-BADA-1AF1732523EB}.Release|x64.Build.0 = Release|Any CPU
		{8D1945C0-24C9-4134-BADA-1AF1732523EB}.Release|x86.ActiveCfg = Release|Any CPU
		{8D1945C0-24C9-4134-BADA-1AF1732523EB}.Release|x86.Build.0 = Release|Any CPU
		{C725AD6E-E4F8-472E-9728-96B746F91A72}.Debug|Any CPU.ActiveCfg = Debug|Any CPU
		{C725AD6E-E4F8-472E-9728-96B746F91A72}.Debug|Any CPU.Build.0 = Debug|Any CPU
		{C725AD6E-E4F8-472E-9728-96B746F91A72}.Debug|x64.ActiveCfg = Debug|Any CPU
		{C725AD6E-E4F8-472E-9728-96B746F91A72}.Debug|x64.Build.0 = Debug|Any CPU
		{C725AD6E-E4F8-472E-9728-96B746F91A72}.Debug|x86.ActiveCfg = Debug|Any CPU
		{C725AD6E-E4F8-472E-9728-96B746F91A72}.Debug|x86.Build.0 = Debug|Any CPU
		{C725AD6E-E4F8-472E-9728-96B746F91A72}.Release|Any CPU.ActiveCfg = Release|Any CPU
		{C725AD6E-E4F8-472E-9728-96B746F91A72}.Release|Any CPU.Build.0 = Release|Any CPU
		{C725AD6E-E4F8-472E-9728-96B746F91A72}.Release|x64.ActiveCfg = Release|Any CPU
		{C725AD6E-E4F8-472E-9728-96B746F91A72}.Release|x64.Build.0 = Release|Any CPU
		{C725AD6E-E4F8-472E-9728-96B746F91A72}.Release|x86.ActiveCfg = Release|Any CPU
		{C725AD6E-E4F8-472E-9728-96B746F91A72}.Release|x86.Build.0 = Release|Any CPU
		{79DCF003-6B48-4D35-823B-EBF651DBA3CF}.Debug|Any CPU.ActiveCfg = Debug|Any CPU
		{79DCF003-6B48-4D35-823B-EBF651DBA3CF}.Debug|Any CPU.Build.0 = Debug|Any CPU
		{79DCF003-6B48-4D35-823B-EBF651DBA3CF}.Debug|x64.ActiveCfg = Debug|Any CPU
		{79DCF003-6B48-4D35-823B-EBF651DBA3CF}.Debug|x64.Build.0 = Debug|Any CPU
		{79DCF003-6B48-4D35-823B-EBF651DBA3CF}.Debug|x86.ActiveCfg = Debug|Any CPU
		{79DCF003-6B48-4D35-823B-EBF651DBA3CF}.Debug|x86.Build.0 = Debug|Any CPU
		{79DCF003-6B48-4D35-823B-EBF651DBA3CF}.Release|Any CPU.ActiveCfg = Release|Any CPU
		{79DCF003-6B48-4D35-823B-EBF651DBA3CF}.Release|Any CPU.Build.0 = Release|Any CPU
		{79DCF003-6B48-4D35-823B-EBF651DBA3CF}.Release|x64.ActiveCfg = Release|Any CPU
		{79DCF003-6B48-4D35-823B-EBF651DBA3CF}.Release|x64.Build.0 = Release|Any CPU
		{79DCF003-6B48-4D35-823B-EBF651DBA3CF}.Release|x86.ActiveCfg = Release|Any CPU
		{79DCF003-6B48-4D35-823B-EBF651DBA3CF}.Release|x86.Build.0 = Release|Any CPU
		{60D6EFF5-F15A-45C3-932C-67F867536C73}.Debug|Any CPU.ActiveCfg = Debug|Any CPU
		{60D6EFF5-F15A-45C3-932C-67F867536C73}.Debug|Any CPU.Build.0 = Debug|Any CPU
		{60D6EFF5-F15A-45C3-932C-67F867536C73}.Debug|x64.ActiveCfg = Debug|Any CPU
		{60D6EFF5-F15A-45C3-932C-67F867536C73}.Debug|x64.Build.0 = Debug|Any CPU
		{60D6EFF5-F15A-45C3-932C-67F867536C73}.Debug|x86.ActiveCfg = Debug|Any CPU
		{60D6EFF5-F15A-45C3-932C-67F867536C73}.Debug|x86.Build.0 = Debug|Any CPU
		{60D6EFF5-F15A-45C3-932C-67F867536C73}.Release|Any CPU.ActiveCfg = Release|Any CPU
		{60D6EFF5-F15A-45C3-932C-67F867536C73}.Release|Any CPU.Build.0 = Release|Any CPU
		{60D6EFF5-F15A-45C3-932C-67F867536C73}.Release|x64.ActiveCfg = Release|Any CPU
		{60D6EFF5-F15A-45C3-932C-67F867536C73}.Release|x64.Build.0 = Release|Any CPU
		{60D6EFF5-F15A-45C3-932C-67F867536C73}.Release|x86.ActiveCfg = Release|Any CPU
		{60D6EFF5-F15A-45C3-932C-67F867536C73}.Release|x86.Build.0 = Release|Any CPU
		{2649D715-99E6-4C22-99D5-3927D89055DA}.Debug|Any CPU.ActiveCfg = Debug|Any CPU
		{2649D715-99E6-4C22-99D5-3927D89055DA}.Debug|Any CPU.Build.0 = Debug|Any CPU
		{2649D715-99E6-4C22-99D5-3927D89055DA}.Debug|x64.ActiveCfg = Debug|Any CPU
		{2649D715-99E6-4C22-99D5-3927D89055DA}.Debug|x64.Build.0 = Debug|Any CPU
		{2649D715-99E6-4C22-99D5-3927D89055DA}.Debug|x86.ActiveCfg = Debug|Any CPU
		{2649D715-99E6-4C22-99D5-3927D89055DA}.Debug|x86.Build.0 = Debug|Any CPU
		{2649D715-99E6-4C22-99D5-3927D89055DA}.Release|Any CPU.ActiveCfg = Release|Any CPU
		{2649D715-99E6-4C22-99D5-3927D89055DA}.Release|Any CPU.Build.0 = Release|Any CPU
		{2649D715-99E6-4C22-99D5-3927D89055DA}.Release|x64.ActiveCfg = Release|Any CPU
		{2649D715-99E6-4C22-99D5-3927D89055DA}.Release|x64.Build.0 = Release|Any CPU
		{2649D715-99E6-4C22-99D5-3927D89055DA}.Release|x86.ActiveCfg = Release|Any CPU
		{2649D715-99E6-4C22-99D5-3927D89055DA}.Release|x86.Build.0 = Release|Any CPU
		{4488D4E5-25B8-405E-80DD-DD6A9C47BA94}.Debug|Any CPU.ActiveCfg = Debug|Any CPU
		{4488D4E5-25B8-405E-80DD-DD6A9C47BA94}.Debug|Any CPU.Build.0 = Debug|Any CPU
		{4488D4E5-25B8-405E-80DD-DD6A9C47BA94}.Debug|x64.ActiveCfg = Debug|Any CPU
		{4488D4E5-25B8-405E-80DD-DD6A9C47BA94}.Debug|x64.Build.0 = Debug|Any CPU
		{4488D4E5-25B8-405E-80DD-DD6A9C47BA94}.Debug|x86.ActiveCfg = Debug|Any CPU
		{4488D4E5-25B8-405E-80DD-DD6A9C47BA94}.Debug|x86.Build.0 = Debug|Any CPU
		{4488D4E5-25B8-405E-80DD-DD6A9C47BA94}.Release|Any CPU.ActiveCfg = Release|Any CPU
		{4488D4E5-25B8-405E-80DD-DD6A9C47BA94}.Release|Any CPU.Build.0 = Release|Any CPU
		{4488D4E5-25B8-405E-80DD-DD6A9C47BA94}.Release|x64.ActiveCfg = Release|Any CPU
		{4488D4E5-25B8-405E-80DD-DD6A9C47BA94}.Release|x64.Build.0 = Release|Any CPU
		{4488D4E5-25B8-405E-80DD-DD6A9C47BA94}.Release|x86.ActiveCfg = Release|Any CPU
		{4488D4E5-25B8-405E-80DD-DD6A9C47BA94}.Release|x86.Build.0 = Release|Any CPU
	EndGlobalSection
	GlobalSection(SolutionProperties) = preSolution
		HideSolutionNode = FALSE
	EndGlobalSection
	GlobalSection(ExtensibilityGlobals) = postSolution
		SolutionGuid = {E3A466A7-F09B-4EB1-AFAC-C76918021593}
	EndGlobalSection
EndGlobal
